
Microsoft Visual Studio Solution File, Format Version 12.00
# Visual Studio Version 16
VisualStudioVersion = 16.0.30114.105
MinimumVisualStudioVersion = 10.0.40219.1
Project("{FAE04EC0-301F-11D3-BF4B-00C04F79EFBC}") = "ejercicio 10 Cadena de texto", "ejercicio 10 Cadena de texto\ejercicio 10 Cadena de texto.csproj", "{2CA1A9C5-2B23-4D08-81F0-E2100B97446F}"
EndProject
Global
	GlobalSection(SolutionConfigurationPlatforms) = preSolution
		Debug|Any CPU = Debug|Any CPU
		Release|Any CPU = Release|Any CPU
	EndGlobalSection
	GlobalSection(ProjectConfigurationPlatforms) = postSolution
		{2CA1A9C5-2B23-4D08-81F0-E2100B97446F}.Debug|Any CPU.ActiveCfg = Debug|Any CPU
		{2CA1A9C5-2B23-4D08-81F0-E2100B97446F}.Debug|Any CPU.Build.0 = Debug|Any CPU
		{2CA1A9C5-2B23-4D08-81F0-E2100B97446F}.Release|Any CPU.ActiveCfg = Release|Any CPU
		{2CA1A9C5-2B23-4D08-81F0-E2100B97446F}.Release|Any CPU.Build.0 = Release|Any CPU
	EndGlobalSection
	GlobalSection(SolutionProperties) = preSolution
		HideSolutionNode = FALSE
	EndGlobalSection
	GlobalSection(ExtensibilityGlobals) = postSolution
		SolutionGuid = {E915D6C8-8929-400F-818F-594F4E9E5583}
	EndGlobalSection
EndGlobal
